
Microsoft Visual Studio Solution File, Format Version 12.00
# Visual Studio Version 17
VisualStudioVersion = 17.5.002.0
MinimumVisualStudioVersion = 10.0.40219.1
Project("{9A19103F-16F7-4668-BE54-9A1E7A4F7556}") = "BookstoreInventory", "BookstoreInventory.csproj", "{CDA9E364-9A81-4E0A-B4E5-13072AFA20F4}"
EndProject
Global
	GlobalSection(SolutionConfigurationPlatforms) = preSolution
		Debug|Any CPU = Debug|Any CPU
		Release|Any CPU = Release|Any CPU
	EndGlobalSection
	GlobalSection(ProjectConfigurationPlatforms) = postSolution
		{CDA9E364-9A81-4E0A-B4E5-13072AFA20F4}.Debug|Any CPU.ActiveCfg = Debug|Any CPU
		{CDA9E364-9A81-4E0A-B4E5-13072AFA20F4}.Debug|Any CPU.Build.0 = Debug|Any CPU
		{CDA9E364-9A81-4E0A-B4E5-13072AFA20F4}.Release|Any CPU.ActiveCfg = Release|Any CPU
		{CDA9E364-9A81-4E0A-B4E5-13072AFA20F4}.Release|Any CPU.Build.0 = Release|Any CPU
	EndGlobalSection
	GlobalSection(SolutionProperties) = preSolution
		HideSolutionNode = FALSE
	EndGlobalSection
	GlobalSection(ExtensibilityGlobals) = postSolution
		SolutionGuid = {5CB79CC8-9D35-4DA4-A451-A3AB59287C86}
	EndGlobalSection
EndGlobal
