
Microsoft Visual Studio Solution File, Format Version 12.00
# Visual Studio Version 17
VisualStudioVersion = 17.5.002.0
MinimumVisualStudioVersion = 10.0.40219.1
Project("{9A19103F-16F7-4668-BE54-9A1E7A4F7556}") = "aztrngfinal", "aztrngfinal.csproj", "{7002FE5D-7B7B-47F5-98C1-10B6C14D378F}"
EndProject
Global
	GlobalSection(SolutionConfigurationPlatforms) = preSolution
		Debug|Any CPU = Debug|Any CPU
		Release|Any CPU = Release|Any CPU
	EndGlobalSection
	GlobalSection(ProjectConfigurationPlatforms) = postSolution
		{7002FE5D-7B7B-47F5-98C1-10B6C14D378F}.Debug|Any CPU.ActiveCfg = Debug|Any CPU
		{7002FE5D-7B7B-47F5-98C1-10B6C14D378F}.Debug|Any CPU.Build.0 = Debug|Any CPU
		{7002FE5D-7B7B-47F5-98C1-10B6C14D378F}.Release|Any CPU.ActiveCfg = Release|Any CPU
		{7002FE5D-7B7B-47F5-98C1-10B6C14D378F}.Release|Any CPU.Build.0 = Release|Any CPU
	EndGlobalSection
	GlobalSection(SolutionProperties) = preSolution
		HideSolutionNode = FALSE
	EndGlobalSection
	GlobalSection(ExtensibilityGlobals) = postSolution
		SolutionGuid = {9975E60E-146B-4DAF-890A-41FA572048DF}
	EndGlobalSection
EndGlobal
